// !$*UTF8*$!
{
	archiveVersion = 1;
	classes = {
	};
	objectVersion = 46;
	objects = {

/* Begin PBXBuildFile section */
		A97B816814EA6544000B6FED /* MyDatePickerController.m in Sources */ = {isa = PBXBuildFile; fileRef = A97B816614EA6544000B6FED /* MyDatePickerController.m */; };
		A97B816914EA6544000B6FED /* MyDatePickerController.xib in Resources */ = {isa = PBXBuildFile; fileRef = A97B816714EA6544000B6FED /* MyDatePickerController.xib */; };
		A97B818D14EA7AE9000B6FED /* Icon.png in Resources */ = {isa = PBXBuildFile; fileRef = A97B818C14EA7AE9000B6FED /* Icon.png */; };
		A97F2C5214E54ED600065751 /* UIKit.framework in Frameworks */ = {isa = PBXBuildFile; fileRef = A97F2C5114E54ED600065751 /* UIKit.framework */; };
		A97F2C5414E54ED600065751 /* Foundation.framework in Frameworks */ = {isa = PBXBuildFile; fileRef = A97F2C5314E54ED600065751 /* Foundation.framework */; };
		A97F2C5614E54ED600065751 /* CoreGraphics.framework in Frameworks */ = {isa = PBXBuildFile; fileRef = A97F2C5514E54ED600065751 /* CoreGraphics.framework */; };
		A97F2C5C14E54ED700065751 /* InfoPlist.strings in Resources */ = {isa = PBXBuildFile; fileRef = A97F2C5A14E54ED600065751 /* InfoPlist.strings */; };
		A97F2C5E14E54ED700065751 /* main.m in Sources */ = {isa = PBXBuildFile; fileRef = A97F2C5D14E54ED700065751 /* main.m */; };
		A97F2C6214E54ED700065751 /* AppDelegate.m in Sources */ = {isa = PBXBuildFile; fileRef = A97F2C6114E54ED700065751 /* AppDelegate.m */; };
		A97F2C6514E54ED700065751 /* ViewController.m in Sources */ = {isa = PBXBuildFile; fileRef = A97F2C6414E54ED700065751 /* ViewController.m */; };
		A97F2C6814E54ED700065751 /* ViewController.xib in Resources */ = {isa = PBXBuildFile; fileRef = A97F2C6614E54ED700065751 /* ViewController.xib */; };
		A99F9C1414E93F4400B3EB6D /* SCMonthGridView.m in Sources */ = {isa = PBXBuildFile; fileRef = A99F9C1314E93F4400B3EB6D /* SCMonthGridView.m */; };
		A99F9C1814E94B8A00B3EB6D /* NSDate+TKCategory.m in Sources */ = {isa = PBXBuildFile; fileRef = A99F9C1714E94B8A00B3EB6D /* NSDate+TKCategory.m */; };
/* End PBXBuildFile section */

/* Begin PBXFileReference section */
		A97B816514EA6544000B6FED /* MyDatePickerController.h */ = {isa = PBXFileReference; fileEncoding = 4; lastKnownFileType = sourcecode.c.h; path = MyDatePickerController.h; sourceTree = "<group>"; };
		A97B816614EA6544000B6FED /* MyDatePickerController.m */ = {isa = PBXFileReference; fileEncoding = 4; lastKnownFileType = sourcecode.c.objc; path = MyDatePickerController.m; sourceTree = "<group>"; };
		A97B816714EA6544000B6FED /* MyDatePickerController.xib */ = {isa = PBXFileReference; fileEncoding = 4; lastKnownFileType = file.xib; path = MyDatePickerController.xib; sourceTree = "<group>"; };
		A97B818C14EA7AE9000B6FED /* Icon.png */ = {isa = PBXFileReference; lastKnownFileType = image.png; path = Icon.png; sourceTree = "<group>"; };
		A97F2C4D14E54ED600065751 /* SimpleCal.app */ = {isa = PBXFileReference; explicitFileType = wrapper.application; includeInIndex = 0; path = SimpleCal.app; sourceTree = BUILT_PRODUCTS_DIR; };
		A97F2C5114E54ED600065751 /* UIKit.framework */ = {isa = PBXFileReference; lastKnownFileType = wrapper.framework; name = UIKit.framework; path = System/Library/Frameworks/UIKit.framework; sourceTree = SDKROOT; };
		A97F2C5314E54ED600065751 /* Foundation.framework */ = {isa = PBXFileReference; lastKnownFileType = wrapper.framework; name = Foundation.framework; path = System/Library/Frameworks/Foundation.framework; sourceTree = SDKROOT; };
		A97F2C5514E54ED600065751 /* CoreGraphics.framework */ = {isa = PBXFileReference; lastKnownFileType = wrapper.framework; name = CoreGraphics.framework; path = System/Library/Frameworks/CoreGraphics.framework; sourceTree = SDKROOT; };
		A97F2C5914E54ED600065751 /* SimpleCal-Info.plist */ = {isa = PBXFileReference; lastKnownFileType = text.plist.xml; path = "SimpleCal-Info.plist"; sourceTree = "<group>"; };
		A97F2C5B14E54ED600065751 /* en */ = {isa = PBXFileReference; lastKnownFileType = text.plist.strings; name = en; path = en.lproj/InfoPlist.strings; sourceTree = "<group>"; };
		A97F2C5D14E54ED700065751 /* main.m */ = {isa = PBXFileReference; lastKnownFileType = sourcecode.c.objc; path = main.m; sourceTree = "<group>"; };
		A97F2C5F14E54ED700065751 /* SimpleCal-Prefix.pch */ = {isa = PBXFileReference; lastKnownFileType = sourcecode.c.h; path = "SimpleCal-Prefix.pch"; sourceTree = "<group>"; };
		A97F2C6014E54ED700065751 /* AppDelegate.h */ = {isa = PBXFileReference; lastKnownFileType = sourcecode.c.h; path = AppDelegate.h; sourceTree = "<group>"; };
		A97F2C6114E54ED700065751 /* AppDelegate.m */ = {isa = PBXFileReference; lastKnownFileType = sourcecode.c.objc; path = AppDelegate.m; sourceTree = "<group>"; };
		A97F2C6314E54ED700065751 /* ViewController.h */ = {isa = PBXFileReference; lastKnownFileType = sourcecode.c.h; path = ViewController.h; sourceTree = "<group>"; };
		A97F2C6414E54ED700065751 /* ViewController.m */ = {isa = PBXFileReference; lastKnownFileType = sourcecode.c.objc; path = ViewController.m; sourceTree = "<group>"; };
		A97F2C6714E54ED700065751 /* en */ = {isa = PBXFileReference; lastKnownFileType = file.xib; name = en; path = en.lproj/ViewController.xib; sourceTree = "<group>"; };
		A99F9C1214E93F4400B3EB6D /* SCMonthGridView.h */ = {isa = PBXFileReference; fileEncoding = 4; lastKnownFileType = sourcecode.c.h; path = SCMonthGridView.h; sourceTree = "<group>"; };
		A99F9C1314E93F4400B3EB6D /* SCMonthGridView.m */ = {isa = PBXFileReference; fileEncoding = 4; lastKnownFileType = sourcecode.c.objc; path = SCMonthGridView.m; sourceTree = "<group>"; };
		A99F9C1614E94B8A00B3EB6D /* NSDate+TKCategory.h */ = {isa = PBXFileReference; fileEncoding = 4; lastKnownFileType = sourcecode.c.h; path = "NSDate+TKCategory.h"; sourceTree = "<group>"; };
		A99F9C1714E94B8A00B3EB6D /* NSDate+TKCategory.m */ = {isa = PBXFileReference; fileEncoding = 4; lastKnownFileType = sourcecode.c.objc; path = "NSDate+TKCategory.m"; sourceTree = "<group>"; };
/* End PBXFileReference section */

/* Begin PBXFrameworksBuildPhase section */
		A97F2C4A14E54ED600065751 /* Frameworks */ = {
			isa = PBXFrameworksBuildPhase;
			buildActionMask = 2147483647;
			files = (
				A97F2C5214E54ED600065751 /* UIKit.framework in Frameworks */,
				A97F2C5414E54ED600065751 /* Foundation.framework in Frameworks */,
				A97F2C5614E54ED600065751 /* CoreGraphics.framework in Frameworks */,
			);
			runOnlyForDeploymentPostprocessing = 0;
		};
/* End PBXFrameworksBuildPhase section */

/* Begin PBXGroup section */
		A97F2C4214E54ED600065751 = {
			isa = PBXGroup;
			children = (
				A97B818C14EA7AE9000B6FED /* Icon.png */,
				A97F2C5714E54ED600065751 /* SimpleCal */,
				A97F2C5014E54ED600065751 /* Frameworks */,
				A97F2C4E14E54ED600065751 /* Products */,
			);
			sourceTree = "<group>";
		};
		A97F2C4E14E54ED600065751 /* Products */ = {
			isa = PBXGroup;
			children = (
				A97F2C4D14E54ED600065751 /* SimpleCal.app */,
			);
			name = Products;
			sourceTree = "<group>";
		};
		A97F2C5014E54ED600065751 /* Frameworks */ = {
			isa = PBXGroup;
			children = (
				A97F2C5114E54ED600065751 /* UIKit.framework */,
				A97F2C5314E54ED600065751 /* Foundation.framework */,
				A97F2C5514E54ED600065751 /* CoreGraphics.framework */,
			);
			name = Frameworks;
			sourceTree = "<group>";
		};
		A97F2C5714E54ED600065751 /* SimpleCal */ = {
			isa = PBXGroup;
			children = (
				A99F9C1614E94B8A00B3EB6D /* NSDate+TKCategory.h */,
				A99F9C1714E94B8A00B3EB6D /* NSDate+TKCategory.m */,
				A99F9C1214E93F4400B3EB6D /* SCMonthGridView.h */,
				A99F9C1314E93F4400B3EB6D /* SCMonthGridView.m */,
				A97B816514EA6544000B6FED /* MyDatePickerController.h */,
				A97B816614EA6544000B6FED /* MyDatePickerController.m */,
				A97B816714EA6544000B6FED /* MyDatePickerController.xib */,
				A97F2C6014E54ED700065751 /* AppDelegate.h */,
				A97F2C6114E54ED700065751 /* AppDelegate.m */,
				A97F2C6314E54ED700065751 /* ViewController.h */,
				A97F2C6414E54ED700065751 /* ViewController.m */,
				A97F2C6614E54ED700065751 /* ViewController.xib */,
				A97F2C5814E54ED600065751 /* Supporting Files */,
			);
			path = SimpleCal;
			sourceTree = "<group>";
		};
		A97F2C5814E54ED600065751 /* Supporting Files */ = {
			isa = PBXGroup;
			children = (
				A97F2C5914E54ED600065751 /* SimpleCal-Info.plist */,
				A97F2C5A14E54ED600065751 /* InfoPlist.strings */,
				A97F2C5D14E54ED700065751 /* main.m */,
				A97F2C5F14E54ED700065751 /* SimpleCal-Prefix.pch */,
			);
			name = "Supporting Files";
			sourceTree = "<group>";
		};
/* End PBXGroup section */

/* Begin PBXNativeTarget section */
		A97F2C4C14E54ED600065751 /* SimpleCal */ = {
			isa = PBXNativeTarget;
			buildConfigurationList = A97F2C6B14E54ED700065751 /* Build configuration list for PBXNativeTarget "SimpleCal" */;
			buildPhases = (
				A97F2C4914E54ED600065751 /* Sources */,
				A97F2C4A14E54ED600065751 /* Frameworks */,
				A97F2C4B14E54ED600065751 /* Resources */,
			);
			buildRules = (
			);
			dependencies = (
			);
			name = SimpleCal;
			productName = SimpleCal;
			productReference = A97F2C4D14E54ED600065751 /* SimpleCal.app */;
			productType = "com.apple.product-type.application";
		};
/* End PBXNativeTarget section */

/* Begin PBXProject section */
		A97F2C4414E54ED600065751 /* Project object */ = {
			isa = PBXProject;
			attributes = {
				LastUpgradeCheck = 0420;
			};
			buildConfigurationList = A97F2C4714E54ED600065751 /* Build configuration list for PBXProject "SimpleCal" */;
			compatibilityVersion = "Xcode 3.2";
			developmentRegion = English;
			hasScannedForEncodings = 0;
			knownRegions = (
				en,
			);
			mainGroup = A97F2C4214E54ED600065751;
			productRefGroup = A97F2C4E14E54ED600065751 /* Products */;
			projectDirPath = "";
			projectRoot = "";
			targets = (
				A97F2C4C14E54ED600065751 /* SimpleCal */,
			);
		};
/* End PBXProject section */

/* Begin PBXResourcesBuildPhase section */
		A97F2C4B14E54ED600065751 /* Resources */ = {
			isa = PBXResourcesBuildPhase;
			buildActionMask = 2147483647;
			files = (
				A97F2C5C14E54ED700065751 /* InfoPlist.strings in Resources */,
				A97F2C6814E54ED700065751 /* ViewController.xib in Resources */,
				A97B816914EA6544000B6FED /* MyDatePickerController.xib in Resources */,
				A97B818D14EA7AE9000B6FED /* Icon.png in Resources */,
			);
			runOnlyForDeploymentPostprocessing = 0;
		};
/* End PBXResourcesBuildPhase section */

/* Begin PBXSourcesBuildPhase section */
		A97F2C4914E54ED600065751 /* Sources */ = {
			isa = PBXSourcesBuildPhase;
			buildActionMask = 2147483647;
			files = (
				A97F2C5E14E54ED700065751 /* main.m in Sources */,
				A97F2C6214E54ED700065751 /* AppDelegate.m in Sources */,
				A97F2C6514E54ED700065751 /* ViewController.m in Sources */,
				A99F9C1414E93F4400B3EB6D /* SCMonthGridView.m in Sources */,
				A99F9C1814E94B8A00B3EB6D /* NSDate+TKCategory.m in Sources */,
				A97B816814EA6544000B6FED /* MyDatePickerController.m in Sources */,
			);
			runOnlyForDeploymentPostprocessing = 0;
		};
/* End PBXSourcesBuildPhase section */

/* Begin PBXVariantGroup section */
		A97F2C5A14E54ED600065751 /* InfoPlist.strings */ = {
			isa = PBXVariantGroup;
			children = (
				A97F2C5B14E54ED600065751 /* en */,
			);
			name = InfoPlist.strings;
			sourceTree = "<group>";
		};
		A97F2C6614E54ED700065751 /* ViewController.xib */ = {
			isa = PBXVariantGroup;
			children = (
				A97F2C6714E54ED700065751 /* en */,
			);
			name = ViewController.xib;
			sourceTree = "<group>";
		};
/* End PBXVariantGroup section */

/* Begin XCBuildConfiguration section */
		A97F2C6914E54ED700065751 /* Debug */ = {
			isa = XCBuildConfiguration;
			buildSettings = {
				ALWAYS_SEARCH_USER_PATHS = NO;
				ARCHS = "$(ARCHS_STANDARD_32_BIT)";
				CLANG_ENABLE_OBJC_ARC = YES;
				"CODE_SIGN_IDENTITY[sdk=iphoneos*]" = "iPhone Developer";
				COPY_PHASE_STRIP = NO;
				GCC_C_LANGUAGE_STANDARD = gnu99;
				GCC_DYNAMIC_NO_PIC = NO;
				GCC_OPTIMIZATION_LEVEL = 0;
				GCC_PREPROCESSOR_DEFINITIONS = (
					"DEBUG=1",
					"$(inherited)",
				);
				GCC_SYMBOLS_PRIVATE_EXTERN = NO;
				GCC_VERSION = com.apple.compilers.llvm.clang.1_0;
				GCC_WARN_ABOUT_MISSING_PROTOTYPES = YES;
				GCC_WARN_ABOUT_RETURN_TYPE = YES;
				GCC_WARN_UNUSED_VARIABLE = YES;
				IPHONEOS_DEPLOYMENT_TARGET = 5.0;
				SDKROOT = iphoneos;
				TARGETED_DEVICE_FAMILY = 2;
			};
			name = Debug;
		};
		A97F2C6A14E54ED700065751 /* Release */ = {
			isa = XCBuildConfiguration;
			buildSettings = {
				ALWAYS_SEARCH_USER_PATHS = NO;
				ARCHS = "$(ARCHS_STANDARD_32_BIT)";
				CLANG_ENABLE_OBJC_ARC = YES;
				"CODE_SIGN_IDENTITY[sdk=iphoneos*]" = "iPhone Developer";
				COPY_PHASE_STRIP = YES;
				GCC_C_LANGUAGE_STANDARD = gnu99;
				GCC_VERSION = com.apple.compilers.llvm.clang.1_0;
				GCC_WARN_ABOUT_MISSING_PROTOTYPES = YES;
				GCC_WARN_ABOUT_RETURN_TYPE = YES;
				GCC_WARN_UNUSED_VARIABLE = YES;
				IPHONEOS_DEPLOYMENT_TARGET = 5.0;
				OTHER_CFLAGS = "-DNS_BLOCK_ASSERTIONS=1";
				SDKROOT = iphoneos;
				TARGETED_DEVICE_FAMILY = 2;
				VALIDATE_PRODUCT = YES;
			};
			name = Release;
		};
		A97F2C6C14E54ED700065751 /* Debug */ = {
			isa = XCBuildConfiguration;
			buildSettings = {
				CODE_SIGN_IDENTITY = "iPhone Developer";
				GCC_PRECOMPILE_PREFIX_HEADER = YES;
				GCC_PREFIX_HEADER = "SimpleCal/SimpleCal-Prefix.pch";
				INFOPLIST_FILE = "SimpleCal/SimpleCal-Info.plist";
				PRODUCT_NAME = "$(TARGET_NAME)";
				PROVISIONING_PROFILE = "";
				WRAPPER_EXTENSION = app;
			};
			name = Debug;
		};
		A97F2C6D14E54ED700065751 /* Release */ = {
			isa = XCBuildConfiguration;
			buildSettings = {
				CODE_SIGN_IDENTITY = "iPhone Developer";
				GCC_PRECOMPILE_PREFIX_HEADER = YES;
				GCC_PREFIX_HEADER = "SimpleCal/SimpleCal-Prefix.pch";
				INFOPLIST_FILE = "SimpleCal/SimpleCal-Info.plist";
				PRODUCT_NAME = "$(TARGET_NAME)";
				PROVISIONING_PROFILE = "";
				WRAPPER_EXTENSION = app;
			};
			name = Release;
		};
/* End XCBuildConfiguration section */

/* Begin XCConfigurationList section */
		A97F2C4714E54ED600065751 /* Build configuration list for PBXProject "SimpleCal" */ = {
			isa = XCConfigurationList;
			buildConfigurations = (
				A97F2C6914E54ED700065751 /* Debug */,
				A97F2C6A14E54ED700065751 /* Release */,
			);
			defaultConfigurationIsVisible = 0;
			defaultConfigurationName = Release;
		};
		A97F2C6B14E54ED700065751 /* Build configuration list for PBXNativeTarget "SimpleCal" */ = {
			isa = XCConfigurationList;
			buildConfigurations = (
				A97F2C6C14E54ED700065751 /* Debug */,
				A97F2C6D14E54ED700065751 /* Release */,
			);
			defaultConfigurationIsVisible = 0;
			defaultConfigurationName = Release;
		};
/* End XCConfigurationList section */
	};
	rootObject = A97F2C4414E54ED600065751 /* Project object */;
}
